# This file is generated by running "yarn install" inside your project.
# Manual changes might be lost - proceed with caution!

__metadata:
  version: 6
  cacheKey: 8

"@cspotcode/source-map-support@npm:^0.8.0":
  version: 0.8.1
  resolution: "@cspotcode/source-map-support@npm:0.8.1"
  dependencies:
    "@jridgewell/trace-mapping": 0.3.9
  checksum: 5718f267085ed8edb3e7ef210137241775e607ee18b77d95aa5bd7514f47f5019aa2d82d96b3bf342ef7aa890a346fa1044532ff7cc3009e7d24fce3ce6200fa
  languageName: node
  linkType: hard

"@jridgewell/resolve-uri@npm:^3.0.3":
  version: 3.0.8
  resolution: "@jridgewell/resolve-uri@npm:3.0.8"
  checksum: 28d739f49b4a52a95843b15669dcb2daaab48f0eaef8f457b9aacd0bdebeb60468d0684f73244f613b786e9d871c25abdbe6f55991bba36814cdadc399dbb3a8
  languageName: node
  linkType: hard

"@jridgewell/sourcemap-codec@npm:^1.4.10":
  version: 1.4.14
  resolution: "@jridgewell/sourcemap-codec@npm:1.4.14"
  checksum: 61100637b6d173d3ba786a5dff019e1a74b1f394f323c1fee337ff390239f053b87266c7a948777f4b1ee68c01a8ad0ab61e5ff4abb5a012a0b091bec391ab97
  languageName: node
  linkType: hard

"@jridgewell/trace-mapping@npm:0.3.9":
  version: 0.3.9
  resolution: "@jridgewell/trace-mapping@npm:0.3.9"
  dependencies:
    "@jridgewell/resolve-uri": ^3.0.3
    "@jridgewell/sourcemap-codec": ^1.4.10
  checksum: d89597752fd88d3f3480845691a05a44bd21faac18e2185b6f436c3b0fd0c5a859fbbd9aaa92050c4052caf325ad3e10e2e1d1b64327517471b7d51babc0ddef
  languageName: node
  linkType: hard

"@n4bb12/github-scripts@workspace:.":
  version: 0.0.0-use.local
  resolution: "@n4bb12/github-scripts@workspace:."
  dependencies:
    "@types/node": ^18.7.6
    chalk: ^5.0.1
    dotenv: ^16.0.1
    octokit: ^2.0.7
    prettier: ^2.7.1
    ts-node: ^10.9.1
    typescript: ^4.7.4
  languageName: unknown
  linkType: soft

"@octokit/app@npm:^13.0.5":
  version: 13.0.7
  resolution: "@octokit/app@npm:13.0.7"
  dependencies:
    "@octokit/auth-app": ^4.0.0
    "@octokit/auth-unauthenticated": ^3.0.0
    "@octokit/core": ^4.0.0
    "@octokit/oauth-app": ^4.0.4
    "@octokit/plugin-paginate-rest": ^4.0.0
    "@octokit/types": ^7.0.0
    "@octokit/webhooks": ^10.0.0
  checksum: 22ed4286fa7c2e5f2efe3ef8932614b6b1055a191f035de67f66398878b0236da8577e10d48e16586a5d4d9887ed6c0886a48265ca72a5eb49f9b179145def52
  languageName: node
  linkType: hard

"@octokit/auth-app@npm:^4.0.0":
  version: 4.0.5
  resolution: "@octokit/auth-app@npm:4.0.5"
  dependencies:
    "@octokit/auth-oauth-app": ^5.0.0
    "@octokit/auth-oauth-user": ^2.0.0
    "@octokit/request": ^6.0.0
    "@octokit/request-error": ^3.0.0
    "@octokit/types": ^7.0.0
    "@types/lru-cache": ^5.1.0
    deprecation: ^2.3.1
    lru-cache: ^6.0.0
    universal-github-app-jwt: ^1.0.1
    universal-user-agent: ^6.0.0
  checksum: 26da7c1b279be68be17572897652091257a5ef7666fa5ac4c79dd42f2717aed560b117089c44ad766b4f90a87348572356ac3571c417fef385fdf31794281023
  languageName: node
  linkType: hard

"@octokit/auth-oauth-app@npm:^5.0.0":
  version: 5.0.2
  resolution: "@octokit/auth-oauth-app@npm:5.0.2"
  dependencies:
    "@octokit/auth-oauth-device": ^4.0.0
    "@octokit/auth-oauth-user": ^2.0.0
    "@octokit/request": ^5.6.3
    "@octokit/types": ^7.0.0
    "@types/btoa-lite": ^1.0.0
    btoa-lite: ^1.0.0
    universal-user-agent: ^6.0.0
  checksum: 3863cdb41c578cb1d2815777ef71ba3d231e4c335d136251ccab8b360e7980b02c93a86d0c91bcf25a2f1dae9b8f1817976077381e74992b907a92de12602a41
  languageName: node
  linkType: hard

"@octokit/auth-oauth-device@npm:^4.0.0":
  version: 4.0.1
  resolution: "@octokit/auth-oauth-device@npm:4.0.1"
  dependencies:
    "@octokit/oauth-methods": ^2.0.0
    "@octokit/request": ^6.0.0
    "@octokit/types": ^7.0.0
    universal-user-agent: ^6.0.0
  checksum: 3fcafdb7ff96af1d020fa043264b6a14a8ef86292394dfd1dab13edb466f28ff2fcadc8bd59ba40c89d8ae55af9f3035b17ff29efc6c1fbb207ca4744cb44b49
  languageName: node
  linkType: hard

"@octokit/auth-oauth-user@npm:^2.0.0":
  version: 2.0.3
  resolution: "@octokit/auth-oauth-user@npm:2.0.3"
  dependencies:
    "@octokit/auth-oauth-device": ^4.0.0
    "@octokit/oauth-methods": ^2.0.0
    "@octokit/request": ^6.0.0
    "@octokit/types": ^7.0.0
    btoa-lite: ^1.0.0
    universal-user-agent: ^6.0.0
  checksum: a62f85021bf251de3987abdda747079f5b479d37de898f35c92816dda0e538a8837e1487ee639414fa83ab710d786c8bc1ea84c39c6a505f5d47dcc45beb9fb7
  languageName: node
  linkType: hard

"@octokit/auth-token@npm:^3.0.0":
  version: 3.0.1
  resolution: "@octokit/auth-token@npm:3.0.1"
  dependencies:
    "@octokit/types": ^7.0.0
  checksum: e94ba5abc2f86cf49e8dc0b86225f2fdda6af451328b13a43d68972117d4e3dccba5cb375fa0c5970a43c9392665bf4e4f0ef1332522f76d4fa4b16c5ad6cc1d
  languageName: node
  linkType: hard

"@octokit/auth-unauthenticated@npm:^3.0.0":
  version: 3.0.2
  resolution: "@octokit/auth-unauthenticated@npm:3.0.2"
  dependencies:
    "@octokit/request-error": ^3.0.0
    "@octokit/types": ^7.0.0
  checksum: 974c52134574e9869d05628b10c4e83fdf0538204fd8a50b055215ad2a02319127fa7394572798af28a5ea0ced0b28876fde70fe4637a546c2777b0c4434cabb
  languageName: node
  linkType: hard

"@octokit/core@npm:^4.0.0, @octokit/core@npm:^4.0.4":
  version: 4.0.5
  resolution: "@octokit/core@npm:4.0.5"
  dependencies:
    "@octokit/auth-token": ^3.0.0
    "@octokit/graphql": ^5.0.0
    "@octokit/request": ^6.0.0
    "@octokit/request-error": ^3.0.0
    "@octokit/types": ^7.0.0
    before-after-hook: ^2.2.0
    universal-user-agent: ^6.0.0
  checksum: 6e4a2161d22b9cb24cd1cf702e6d18200fc48a29dc66db08c37809d65243d29429123652072126d9f161e45aef6a57e72a5d56d7e975829c190e8c3c46b3f1b9
  languageName: node
  linkType: hard

"@octokit/endpoint@npm:^6.0.1":
  version: 6.0.12
  resolution: "@octokit/endpoint@npm:6.0.12"
  dependencies:
    "@octokit/types": ^6.0.3
    is-plain-object: ^5.0.0
    universal-user-agent: ^6.0.0
  checksum: b48b29940af11c4b9bca41cf56809754bb8385d4e3a6122671799d27f0238ba575b3fde86d2d30a84f4dbbc14430940de821e56ecc6a9a92d47fc2b29a31479d
  languageName: node
  linkType: hard

"@octokit/endpoint@npm:^7.0.0":
  version: 7.0.1
  resolution: "@octokit/endpoint@npm:7.0.1"
  dependencies:
    "@octokit/types": ^7.0.0
    is-plain-object: ^5.0.0
    universal-user-agent: ^6.0.0
  checksum: a0ff70202e8355845e9462df4e56e7ce4b32f15eddfb169d91e9939b7602fb05c78088b9d1ac9936b1655d61a883c7fe7b08e8f60c100ee05f40844bb4a95097
  languageName: node
  linkType: hard

"@octokit/graphql@npm:^5.0.0":
  version: 5.0.1
  resolution: "@octokit/graphql@npm:5.0.1"
  dependencies:
    "@octokit/request": ^6.0.0
    "@octokit/types": ^7.0.0
    universal-user-agent: ^6.0.0
  checksum: 310549c2d7966adb46428e943cd99cb766519819bd4945d8349d3ec0642e4ee39d9194e1b0a87a5404951c04c247fafb4a8456ed4c839c64bfb4042aa4a6812c
  languageName: node
  linkType: hard

"@octokit/oauth-app@npm:^4.0.4, @octokit/oauth-app@npm:^4.0.6":
  version: 4.0.6
  resolution: "@octokit/oauth-app@npm:4.0.6"
  dependencies:
    "@octokit/auth-oauth-app": ^5.0.0
    "@octokit/auth-oauth-user": ^2.0.0
    "@octokit/auth-unauthenticated": ^3.0.0
    "@octokit/core": ^4.0.0
    "@octokit/oauth-authorization-url": ^5.0.0
    "@octokit/oauth-methods": ^2.0.0
    "@types/aws-lambda": ^8.10.83
    aws-lambda: ^1.0.7
    fromentries: ^1.3.1
    universal-user-agent: ^6.0.0
  dependenciesMeta:
    aws-lambda:
      optional: true
  checksum: 0d7ceadda4668748a436f52f6c4ae3160a4a5c81a92592c0a6cfc75b0a065ed480880d8861efcabc6ca41b3ccf753d1c1044782a6c8d5fb481d6e8a0acf6d32e
  languageName: node
  linkType: hard

"@octokit/oauth-authorization-url@npm:^5.0.0":
  version: 5.0.0
  resolution: "@octokit/oauth-authorization-url@npm:5.0.0"
  checksum: bc457c4af9559e9e8f752e643fc9d116247f4e4246e69959d99b9e39196c93d7af53c1c8e3bd946bd0e4fc29f7ba27efe9bced8525ffa41fe45ef56a8281014b
  languageName: node
  linkType: hard

"@octokit/oauth-methods@npm:^2.0.0":
  version: 2.0.2
  resolution: "@octokit/oauth-methods@npm:2.0.2"
  dependencies:
    "@octokit/oauth-authorization-url": ^5.0.0
    "@octokit/request": ^6.0.0
    "@octokit/request-error": ^3.0.0
    "@octokit/types": ^6.12.2
    btoa-lite: ^1.0.0
  checksum: 008b0fc52b175fee8ff7d0505ff86bf4e4bc1b69d2c3e6dff9f5a3abbdaefc4730d624ebbc8df8366b7639f9543037d1d22a1ffae180a429182721e8a106d737
  languageName: node
  linkType: hard

"@octokit/openapi-types@npm:^12.5.0":
  version: 12.6.0
  resolution: "@octokit/openapi-types@npm:12.6.0"
  checksum: d70fcc326d6b0d37dbf4b21c30270f9bcec8dee4644768fc85ee7cf49d5315a05e070d964199446dc48390f210163229f5365721c06232574930a861ccecb612
  languageName: node
  linkType: hard

"@octokit/openapi-types@npm:^13.1.0":
  version: 13.2.0
  resolution: "@octokit/openapi-types@npm:13.2.0"
  checksum: 7d60eb587fde0020d1cb01b57369c87fa38fb5d721722bdcfcb5cca830c234cf936ee80f2e7f86be8686ddd30fad94d8e5671a7ec1737e6c2f9e7fc9b034d1e5
  languageName: node
  linkType: hard

"@octokit/plugin-paginate-rest@npm:^4.0.0":
  version: 4.0.0
  resolution: "@octokit/plugin-paginate-rest@npm:4.0.0"
  dependencies:
    "@octokit/types": ^7.0.0
  peerDependencies:
    "@octokit/core": ">=4"
  checksum: a3fbc1d540cc919df8935dea88b36d59ae85f417713476d8679f1cf8b733cfb44b96d3020094bd7f8daa7b84e4ac9b8403c1cdad323289d586fdb2ed1dcae7c0
  languageName: node
  linkType: hard

"@octokit/plugin-rest-endpoint-methods@npm:^6.0.0":
  version: 6.3.0
  resolution: "@octokit/plugin-rest-endpoint-methods@npm:6.3.0"
  dependencies:
    "@octokit/types": ^7.0.0
    deprecation: ^2.3.1
  peerDependencies:
    "@octokit/core": ">=3"
  checksum: 8fefbdcfc16fe39aa216c440cf52c2861f6c0c905f1fdfbd0e720fb59815c079100b877535bcd428cb782ef31a8d508470d69d4ecf307b8af4ccc34a5669c050
  languageName: node
  linkType: hard

"@octokit/plugin-retry@npm:^3.0.9":
  version: 3.0.9
  resolution: "@octokit/plugin-retry@npm:3.0.9"
  dependencies:
    "@octokit/types": ^6.0.3
    bottleneck: ^2.15.3
  checksum: 5744780d308dd2f2b8174264604a9f8ea977374256f5eaf0314e5181c32f96ec53a3cfcee67bf1b48dc7eed401ebefebd2fa744b41cf03103affac92f397a874
  languageName: node
  linkType: hard

"@octokit/plugin-throttling@npm:^4.0.1":
  version: 4.2.0
  resolution: "@octokit/plugin-throttling@npm:4.2.0"
  dependencies:
    "@octokit/types": ^7.0.0
    bottleneck: ^2.15.3
  peerDependencies:
    "@octokit/core": ^4.0.0
  checksum: 427872ff202dcc57a6fb9f6a44ba4d8004c10d18f562bdace84b87b7651b74863713142f4c161cc56d6d09d28cb61597f805d3828695ce15ba6e8fbc2fc700c6
  languageName: node
  linkType: hard

"@octokit/request-error@npm:^2.1.0":
  version: 2.1.0
  resolution: "@octokit/request-error@npm:2.1.0"
  dependencies:
    "@octokit/types": ^6.0.3
    deprecation: ^2.0.0
    once: ^1.4.0
  checksum: baec2b5700498be01b4d958f9472cb776b3f3b0ea52924323a07e7a88572e24cac2cdf7eb04a0614031ba346043558b47bea2d346e98f0e8385b4261f138ef18
  languageName: node
  linkType: hard

"@octokit/request-error@npm:^3.0.0":
  version: 3.0.1
  resolution: "@octokit/request-error@npm:3.0.1"
  dependencies:
    "@octokit/types": ^7.0.0
    deprecation: ^2.0.0
    once: ^1.4.0
  checksum: ae386b5181b3cb66b844047a21d062b683cd7ec4daf70cb9868406c1a51608a72d683955e692c7cc6237d66a09b12c6bcf102a712985da68bcedcc3820117e75
  languageName: node
  linkType: hard

"@octokit/request@npm:^5.6.3":
  version: 5.6.3
  resolution: "@octokit/request@npm:5.6.3"
  dependencies:
    "@octokit/endpoint": ^6.0.1
    "@octokit/request-error": ^2.1.0
    "@octokit/types": ^6.16.1
    is-plain-object: ^5.0.0
    node-fetch: ^2.6.7
    universal-user-agent: ^6.0.0
  checksum: c0b4542eb4baaf880d673c758d3e0b5c4a625a4ae30abf40df5548b35f1ff540edaac74625192b1aff42a79ac661e774da4ab7d5505f1cb4ef81239b1e8510c5
  languageName: node
  linkType: hard

"@octokit/request@npm:^6.0.0":
  version: 6.2.1
  resolution: "@octokit/request@npm:6.2.1"
  dependencies:
    "@octokit/endpoint": ^7.0.0
    "@octokit/request-error": ^3.0.0
    "@octokit/types": ^7.0.0
    is-plain-object: ^5.0.0
    node-fetch: ^2.6.7
    universal-user-agent: ^6.0.0
  checksum: f0a3e878de8c2e6930da5af835d9a3750800eff9ba66af02400dc75238475a9b9c2c5473047792c0f37c2c371095a36485c0729c419873bdccb6058bb8637685
  languageName: node
  linkType: hard

"@octokit/types@npm:^6.0.3, @octokit/types@npm:^6.12.2, @octokit/types@npm:^6.16.1":
  version: 6.38.1
  resolution: "@octokit/types@npm:6.38.1"
  dependencies:
    "@octokit/openapi-types": ^12.5.0
  checksum: dfe26870ab7c0a931cb3f17d286d164ae51dfb844e6bbf2e1ba68b4dd77568e8decc87a33690c387b77b32530fee7f6390c24bb87acdccfd03f557949b3690da
  languageName: node
  linkType: hard

"@octokit/types@npm:^7.0.0":
  version: 7.1.0
  resolution: "@octokit/types@npm:7.1.0"
  dependencies:
    "@octokit/openapi-types": ^13.1.0
  checksum: d60b6b94b0fc851c2de99cabfd709810ff539ea5461ccff6bc8f4af69341fcabdee7ee983eb6a2054957696c0d59afcf71f7792cec8d1daee08b1845024c7125
  languageName: node
  linkType: hard

"@octokit/webhooks-methods@npm:^3.0.0":
  version: 3.0.0
  resolution: "@octokit/webhooks-methods@npm:3.0.0"
  checksum: 3d1fdd051acb1e185160e138794b52b168a94dbd0fb05b1267914bfada199ccd615bc62828453b08edc5037557810319198c2684cfe5eba6267686952a9b644d
  languageName: node
  linkType: hard

"@octokit/webhooks-types@npm:6.3.6":
  version: 6.3.6
  resolution: "@octokit/webhooks-types@npm:6.3.6"
  checksum: 974db34258cbdb0d02f3bed202595822c1799804cbd46e3375571537e0ba879350f30a3e27b156480a0be4eaa924bbb353a578ae86cb58e495c524478f052f6b
  languageName: node
  linkType: hard

"@octokit/webhooks@npm:^10.0.0":
  version: 10.1.5
  resolution: "@octokit/webhooks@npm:10.1.5"
  dependencies:
    "@octokit/request-error": ^3.0.0
    "@octokit/webhooks-methods": ^3.0.0
    "@octokit/webhooks-types": 6.3.6
    aggregate-error: ^3.1.0
  checksum: ea34d0e9431550d94cc2421b7afee56515745d8df3a61592cfeba3087ad7541c5b3bd64dba77fe0da554dc34e4e5438061cc94b80ba7e57ee65b74024929792e
  languageName: node
  linkType: hard

"@tsconfig/node10@npm:^1.0.7":
  version: 1.0.8
  resolution: "@tsconfig/node10@npm:1.0.8"
  checksum: b8d5fffbc6b17ef64ef74f7fdbccee02a809a063ade785c3648dae59406bc207f70ea2c4296f92749b33019fa36a5ae716e42e49cc7f1bbf0fd147be0d6b970a
  languageName: node
  linkType: hard

"@tsconfig/node12@npm:^1.0.7":
  version: 1.0.9
  resolution: "@tsconfig/node12@npm:1.0.9"
  checksum: a01b2400ab3582b86b589c6d31dcd0c0656f333adecde85d6d7d4086adb059808b82692380bb169546d189bf771ae21d02544a75b57bd6da4a5dd95f8567bec9
  languageName: node
  linkType: hard

"@tsconfig/node14@npm:^1.0.0":
  version: 1.0.1
  resolution: "@tsconfig/node14@npm:1.0.1"
  checksum: 976345e896c0f059867f94f8d0f6ddb8b1844fb62bf36b727de8a9a68f024857e5db97ed51d3325e23e0616a5e48c034ff51a8d595b3fe7e955f3587540489be
  languageName: node
  linkType: hard

"@tsconfig/node16@npm:^1.0.2":
  version: 1.0.2
  resolution: "@tsconfig/node16@npm:1.0.2"
  checksum: ca94d3639714672bbfd55f03521d3f56bb6a25479bd425da81faf21f13e1e9d15f40f97377dedbbf477a5841c5b0c8f4cd1b391f33553d750b9202c54c2c07aa
  languageName: node
  linkType: hard

"@types/aws-lambda@npm:^8.10.83":
  version: 8.10.101
  resolution: "@types/aws-lambda@npm:8.10.101"
  checksum: 7e81bab6b1bfd45404b19ffbfafc70a27f6a5975c20d288be354a83c48a8d31054e8a0986c4b8547df278034832492f86de9cbd74b337158c26d88d7e356c3c6
  languageName: node
  linkType: hard

"@types/btoa-lite@npm:^1.0.0":
  version: 1.0.0
  resolution: "@types/btoa-lite@npm:1.0.0"
  checksum: 4d0c3c36cc8aa5669d286d62ca45d925e3ea0db75222ebacb0d9f4fd7822b8e162da8773887e045c11d64c42373807d2ab2ad97a5d8a683d2e1c981e6a05ce33
  languageName: node
  linkType: hard

"@types/jsonwebtoken@npm:^8.3.3":
  version: 8.5.8
  resolution: "@types/jsonwebtoken@npm:8.5.8"
  dependencies:
    "@types/node": "*"
  checksum: 56738a918c543dba30786066959f801212e7fb5cd4ec53cf7b8d227711ed358834feb9e5141f7f88ec7c642bb39757330a5a8917e3b22e0ff9084940d35f0d70
  languageName: node
  linkType: hard

"@types/lru-cache@npm:^5.1.0":
  version: 5.1.1
  resolution: "@types/lru-cache@npm:5.1.1"
  checksum: e1d6c0085f61b16ec5b3073ec76ad1be4844ea036561c3f145fc19f71f084b58a6eb600b14128aa95809d057d28f1d147c910186ae51219f58366ffd2ff2e118
  languageName: node
  linkType: hard

"@types/node@npm:*":
  version: 17.0.21
  resolution: "@types/node@npm:17.0.21"
  checksum: 89dcd2fe82f21d3634266f8384e9c865cf8af49685639fbdbd799bdd1040480fb1e8eeda2d3b9fce41edbe704d2a4be9f427118c4ae872e8d9bb7cbeb3c41a94
  languageName: node
  linkType: hard

"@types/node@npm:^18.7.6":
  version: 18.7.6
  resolution: "@types/node@npm:18.7.6"
  checksum: 5122988c325eda8d1f5cbe4494916036aae1758f9d5bb2d8139a800b8bad1540fbb167cd3c759da9a5cb4600cd3507609ac7969747113c1549a3e4320a17b1a9
  languageName: node
  linkType: hard

"acorn-walk@npm:^8.1.1":
  version: 8.2.0
  resolution: "acorn-walk@npm:8.2.0"
  checksum: 1715e76c01dd7b2d4ca472f9c58968516a4899378a63ad5b6c2d668bba8da21a71976c14ec5f5b75f887b6317c4ae0b897ab141c831d741dc76024d8745f1ad1
  languageName: node
  linkType: hard

"acorn@npm:^8.4.1":
  version: 8.7.0
  resolution: "acorn@npm:8.7.0"
  bin:
    acorn: bin/acorn
  checksum: e0f79409d68923fbf1aa6d4166f3eedc47955320d25c89a20cc822e6ba7c48c5963d5bc657bc242d68f7a4ac9faf96eef033e8f73656da6c640d4219935fdfd0
  languageName: node
  linkType: hard

"aggregate-error@npm:^3.1.0":
  version: 3.1.0
  resolution: "aggregate-error@npm:3.1.0"
  dependencies:
    clean-stack: ^2.0.0
    indent-string: ^4.0.0
  checksum: 1101a33f21baa27a2fa8e04b698271e64616b886795fd43c31068c07533c7b3facfcaf4e9e0cab3624bd88f729a592f1c901a1a229c9e490eafce411a8644b79
  languageName: node
  linkType: hard

"arg@npm:^4.1.0":
  version: 4.1.3
  resolution: "arg@npm:4.1.3"
  checksum: 544af8dd3f60546d3e4aff084d451b96961d2267d668670199692f8d054f0415d86fc5497d0e641e91546f0aa920e7c29e5250e99fc89f5552a34b5d93b77f43
  languageName: node
  linkType: hard

"argparse@npm:^1.0.7":
  version: 1.0.10
  resolution: "argparse@npm:1.0.10"
  dependencies:
    sprintf-js: ~1.0.2
  checksum: 7ca6e45583a28de7258e39e13d81e925cfa25d7d4aacbf806a382d3c02fcb13403a07fb8aeef949f10a7cfe4a62da0e2e807b348a5980554cc28ee573ef95945
  languageName: node
  linkType: hard

"aws-lambda@npm:^1.0.7":
  version: 1.0.7
  resolution: "aws-lambda@npm:1.0.7"
  dependencies:
    aws-sdk: ^2.814.0
    commander: ^3.0.2
    js-yaml: ^3.14.1
    watchpack: ^2.0.0-beta.10
  bin:
    lambda: bin/lambda
  checksum: 11316e87b5c4fc36e6bd0495742a3c0ed13befc9527a7b251a58180d141d9afd68b684f37aeb3b53d117d3c2f96747eace31826b683543f1edddc03f392865fd
  languageName: node
  linkType: hard

"aws-sdk@npm:^2.814.0":
  version: 2.1167.0
  resolution: "aws-sdk@npm:2.1167.0"
  dependencies:
    buffer: 4.9.2
    events: 1.1.1
    ieee754: 1.1.13
    jmespath: 0.16.0
    querystring: 0.2.0
    sax: 1.2.1
    url: 0.10.3
    uuid: 8.0.0
    xml2js: 0.4.19
  checksum: 1135f7e36700a91faeb3e6daee609bf29a52bf7618a033f405a0dcc668b46f556c18905fa27a9b5fbbd1811ebfaa28d023b0842d683b338e46cc58c59ef78dff
  languageName: node
  linkType: hard

"base64-js@npm:^1.0.2":
  version: 1.5.1
  resolution: "base64-js@npm:1.5.1"
  checksum: 669632eb3745404c2f822a18fc3a0122d2f9a7a13f7fb8b5823ee19d1d2ff9ee5b52c53367176ea4ad093c332fd5ab4bd0ebae5a8e27917a4105a4cfc86b1005
  languageName: node
  linkType: hard

"before-after-hook@npm:^2.2.0":
  version: 2.2.2
  resolution: "before-after-hook@npm:2.2.2"
  checksum: dc2e1ffe389e5afbef2a46790b1b5a50247ed57aba67649cfa9ec2552d248cc9278f222e72fb5a8ff59bbb39d78fbaa97e7234ead0c6b5e8418b67a8644ce207
  languageName: node
  linkType: hard

"bottleneck@npm:^2.15.3":
  version: 2.19.5
  resolution: "bottleneck@npm:2.19.5"
  checksum: c5eef1bbea12cef1f1405e7306e7d24860568b0f7ac5eeab706a86762b3fc65ef6d1c641c8a166e4db90f412fc5c948fc5ce8008a8cd3d28c7212ef9c3482bda
  languageName: node
  linkType: hard

"btoa-lite@npm:^1.0.0":
  version: 1.0.0
  resolution: "btoa-lite@npm:1.0.0"
  checksum: c2d61993b801f8e35a96f20692a45459c753d9baa29d86d1343e714f8d6bbe7069f1a20a5ae868488f3fb137d5bd0c560f6fbbc90b5a71050919d2d2c97c0475
  languageName: node
  linkType: hard

"buffer-equal-constant-time@npm:1.0.1":
  version: 1.0.1
  resolution: "buffer-equal-constant-time@npm:1.0.1"
  checksum: 80bb945f5d782a56f374b292770901065bad21420e34936ecbe949e57724b4a13874f735850dd1cc61f078773c4fb5493a41391e7bda40d1fa388d6bd80daaab
  languageName: node
  linkType: hard

"buffer@npm:4.9.2":
  version: 4.9.2
  resolution: "buffer@npm:4.9.2"
  dependencies:
    base64-js: ^1.0.2
    ieee754: ^1.1.4
    isarray: ^1.0.0
  checksum: 8801bc1ba08539f3be70eee307a8b9db3d40f6afbfd3cf623ab7ef41dffff1d0a31de0addbe1e66e0ca5f7193eeb667bfb1ecad3647f8f1b0750de07c13295c3
  languageName: node
  linkType: hard

"chalk@npm:^5.0.1":
  version: 5.0.1
  resolution: "chalk@npm:5.0.1"
  checksum: 7b45300372b908f0471fbf7389ce2f5de8d85bb949026fd51a1b95b10d0ed32c7ed5aab36dd5e9d2bf3191867909b4404cef75c5f4d2d1daeeacd301dd280b76
  languageName: node
  linkType: hard

"clean-stack@npm:^2.0.0":
  version: 2.2.0
  resolution: "clean-stack@npm:2.2.0"
  checksum: 2ac8cd2b2f5ec986a3c743935ec85b07bc174d5421a5efc8017e1f146a1cf5f781ae962618f416352103b32c9cd7e203276e8c28241bbe946160cab16149fb68
  languageName: node
  linkType: hard

"commander@npm:^3.0.2":
  version: 3.0.2
  resolution: "commander@npm:3.0.2"
  checksum: 6d14ad030d1904428139487ed31febcb04c1604db2b8d9fae711f60ee6718828dc0e11602249e91c8a97b0e721e9c6d53edbc166bad3cde1596851d59a8f824d
  languageName: node
  linkType: hard

"create-require@npm:^1.1.0":
  version: 1.1.1
  resolution: "create-require@npm:1.1.1"
  checksum: a9a1503d4390d8b59ad86f4607de7870b39cad43d929813599a23714831e81c520bddf61bcdd1f8e30f05fd3a2b71ae8538e946eb2786dc65c2bbc520f692eff
  languageName: node
  linkType: hard

"deprecation@npm:^2.0.0, deprecation@npm:^2.3.1":
  version: 2.3.1
  resolution: "deprecation@npm:2.3.1"
  checksum: f56a05e182c2c195071385455956b0c4106fe14e36245b00c689ceef8e8ab639235176a96977ba7c74afb173317fac2e0ec6ec7a1c6d1e6eaa401c586c714132
  languageName: node
  linkType: hard

"diff@npm:^4.0.1":
  version: 4.0.2
  resolution: "diff@npm:4.0.2"
  checksum: f2c09b0ce4e6b301c221addd83bf3f454c0bc00caa3dd837cf6c127d6edf7223aa2bbe3b688feea110b7f262adbfc845b757c44c8a9f8c0c5b15d8fa9ce9d20d
  languageName: node
  linkType: hard

"dotenv@npm:^16.0.1":
  version: 16.0.1
  resolution: "dotenv@npm:16.0.1"
  checksum: f459ffce07b977b7f15d8cc4ee69cdff77d4dd8c5dc8c85d2d485ee84655352c2415f9dd09d42b5b5985ced3be186130871b34e2f3e2569ebc72fbc2e8096792
  languageName: node
  linkType: hard

"ecdsa-sig-formatter@npm:1.0.11":
  version: 1.0.11
  resolution: "ecdsa-sig-formatter@npm:1.0.11"
  dependencies:
    safe-buffer: ^5.0.1
  checksum: 207f9ab1c2669b8e65540bce29506134613dd5f122cccf1e6a560f4d63f2732d427d938f8481df175505aad94583bcb32c688737bb39a6df0625f903d6d93c03
  languageName: node
  linkType: hard

"esprima@npm:^4.0.0":
  version: 4.0.1
  resolution: "esprima@npm:4.0.1"
  bin:
    esparse: ./bin/esparse.js
    esvalidate: ./bin/esvalidate.js
  checksum: b45bc805a613dbea2835278c306b91aff6173c8d034223fa81498c77dcbce3b2931bf6006db816f62eacd9fd4ea975dfd85a5b7f3c6402cfd050d4ca3c13a628
  languageName: node
  linkType: hard

"events@npm:1.1.1":
  version: 1.1.1
  resolution: "events@npm:1.1.1"
  checksum: 40431eb005cc4c57861b93d44c2981a49e7feb99df84cf551baed299ceea4444edf7744733f6a6667e942af687359b1f4a87ec1ec4f21d5127dac48a782039b9
  languageName: node
  linkType: hard

"fromentries@npm:^1.3.1":
  version: 1.3.2
  resolution: "fromentries@npm:1.3.2"
  checksum: 33729c529ce19f5494f846f0dd4945078f4e37f4e8955f4ae8cc7385c218f600e9d93a7d225d17636c20d1889106fd87061f911550861b7072f53bf891e6b341
  languageName: node
  linkType: hard

"glob-to-regexp@npm:^0.4.1":
  version: 0.4.1
  resolution: "glob-to-regexp@npm:0.4.1"
  checksum: e795f4e8f06d2a15e86f76e4d92751cf8bbfcf0157cea5c2f0f35678a8195a750b34096b1256e436f0cebc1883b5ff0888c47348443e69546a5a87f9e1eb1167
  languageName: node
  linkType: hard

"graceful-fs@npm:^4.1.2":
  version: 4.2.10
  resolution: "graceful-fs@npm:4.2.10"
  checksum: 3f109d70ae123951905d85032ebeae3c2a5a7a997430df00ea30df0e3a6c60cf6689b109654d6fdacd28810a053348c4d14642da1d075049e6be1ba5216218da
  languageName: node
  linkType: hard

"ieee754@npm:1.1.13":
  version: 1.1.13
  resolution: "ieee754@npm:1.1.13"
  checksum: 102df1ba662e316e6160f7ce29c7c7fa3e04f2014c288336c5a9ff40bbcc2a27d209fa2a81ebfb33f28b1941021343d30e9ad8ee85a2d61f79f5936c35edc33d
  languageName: node
  linkType: hard

"ieee754@npm:^1.1.4":
  version: 1.2.1
  resolution: "ieee754@npm:1.2.1"
  checksum: 5144c0c9815e54ada181d80a0b810221a253562422e7c6c3a60b1901154184f49326ec239d618c416c1c5945a2e197107aee8d986a3dd836b53dffefd99b5e7e
  languageName: node
  linkType: hard

"indent-string@npm:^4.0.0":
  version: 4.0.0
  resolution: "indent-string@npm:4.0.0"
  checksum: 824cfb9929d031dabf059bebfe08cf3137365e112019086ed3dcff6a0a7b698cb80cf67ccccde0e25b9e2d7527aa6cc1fed1ac490c752162496caba3e6699612
  languageName: node
  linkType: hard

"is-plain-object@npm:^5.0.0":
  version: 5.0.0
  resolution: "is-plain-object@npm:5.0.0"
  checksum: e32d27061eef62c0847d303125440a38660517e586f2f3db7c9d179ae5b6674ab0f469d519b2e25c147a1a3bc87156d0d5f4d8821e0ce4a9ee7fe1fcf11ce45c
  languageName: node
  linkType: hard

"isarray@npm:^1.0.0":
  version: 1.0.0
  resolution: "isarray@npm:1.0.0"
  checksum: f032df8e02dce8ec565cf2eb605ea939bdccea528dbcf565cdf92bfa2da9110461159d86a537388ef1acef8815a330642d7885b29010e8f7eac967c9993b65ab
  languageName: node
  linkType: hard

"jmespath@npm:0.16.0":
  version: 0.16.0
  resolution: "jmespath@npm:0.16.0"
  checksum: 2d602493a1e4addfd1350ac8c9d54b1b03ed09e305fd863bab84a4ee1f52868cf939dd1a08c5cdea29ce9ba8f86875ebb458b6ed45dab3e1c3f2694503fb2fd9
  languageName: node
  linkType: hard

"js-yaml@npm:^3.14.1":
  version: 3.14.1
  resolution: "js-yaml@npm:3.14.1"
  dependencies:
    argparse: ^1.0.7
    esprima: ^4.0.0
  bin:
    js-yaml: bin/js-yaml.js
  checksum: bef146085f472d44dee30ec34e5cf36bf89164f5d585435a3d3da89e52622dff0b188a580e4ad091c3341889e14cb88cac6e4deb16dc5b1e9623bb0601fc255c
  languageName: node
  linkType: hard

"jsonwebtoken@npm:^8.5.1":
  version: 8.5.1
  resolution: "jsonwebtoken@npm:8.5.1"
  dependencies:
    jws: ^3.2.2
    lodash.includes: ^4.3.0
    lodash.isboolean: ^3.0.3
    lodash.isinteger: ^4.0.4
    lodash.isnumber: ^3.0.3
    lodash.isplainobject: ^4.0.6
    lodash.isstring: ^4.0.1
    lodash.once: ^4.0.0
    ms: ^2.1.1
    semver: ^5.6.0
  checksum: 93c9e3f23c59b758ac88ba15f4e4753b3749dfce7a6f7c40fb86663128a1e282db085eec852d4e0cbca4cefdcd3a8275ee255dbd08fcad0df26ad9f6e4cc853a
  languageName: node
  linkType: hard

"jwa@npm:^1.4.1":
  version: 1.4.1
  resolution: "jwa@npm:1.4.1"
  dependencies:
    buffer-equal-constant-time: 1.0.1
    ecdsa-sig-formatter: 1.0.11
    safe-buffer: ^5.0.1
  checksum: ff30ea7c2dcc61f3ed2098d868bf89d43701605090c5b21b5544b512843ec6fd9e028381a4dda466cbcdb885c2d1150f7c62e7168394ee07941b4098e1035e2f
  languageName: node
  linkType: hard

"jws@npm:^3.2.2":
  version: 3.2.2
  resolution: "jws@npm:3.2.2"
  dependencies:
    jwa: ^1.4.1
    safe-buffer: ^5.0.1
  checksum: f0213fe5b79344c56cd443428d8f65c16bf842dc8cb8f5aed693e1e91d79c20741663ad6eff07a6d2c433d1831acc9814e8d7bada6a0471fbb91d09ceb2bf5c2
  languageName: node
  linkType: hard

"lodash.includes@npm:^4.3.0":
  version: 4.3.0
  resolution: "lodash.includes@npm:4.3.0"
  checksum: 71092c130515a67ab3bd928f57f6018434797c94def7f46aafa417771e455ce3a4834889f4267b17887d7f75297dfabd96231bf704fd2b8c5096dc4a913568b6
  languageName: node
  linkType: hard

"lodash.isboolean@npm:^3.0.3":
  version: 3.0.3
  resolution: "lodash.isboolean@npm:3.0.3"
  checksum: b70068b4a8b8837912b54052557b21fc4774174e3512ed3c5b94621e5aff5eb6c68089d0a386b7e801d679cd105d2e35417978a5e99071750aa2ed90bffd0250
  languageName: node
  linkType: hard

"lodash.isinteger@npm:^4.0.4":
  version: 4.0.4
  resolution: "lodash.isinteger@npm:4.0.4"
  checksum: 6034821b3fc61a2ffc34e7d5644bb50c5fd8f1c0121c554c21ac271911ee0c0502274852845005f8651d51e199ee2e0cfebfe40aaa49c7fe617f603a8a0b1691
  languageName: node
  linkType: hard

"lodash.isnumber@npm:^3.0.3":
  version: 3.0.3
  resolution: "lodash.isnumber@npm:3.0.3"
  checksum: 913784275b565346255e6ae6a6e30b760a0da70abc29f3e1f409081585875105138cda4a429ff02577e1bc0a7ae2a90e0a3079a37f3a04c3d6c5aaa532f4cab2
  languageName: node
  linkType: hard

"lodash.isplainobject@npm:^4.0.6":
  version: 4.0.6
  resolution: "lodash.isplainobject@npm:4.0.6"
  checksum: 29c6351f281e0d9a1d58f1a4c8f4400924b4c79f18dfc4613624d7d54784df07efaff97c1ff2659f3e085ecf4fff493300adc4837553104cef2634110b0d5337
  languageName: node
  linkType: hard

"lodash.isstring@npm:^4.0.1":
  version: 4.0.1
  resolution: "lodash.isstring@npm:4.0.1"
  checksum: eaac87ae9636848af08021083d796e2eea3d02e80082ab8a9955309569cb3a463ce97fd281d7dc119e402b2e7d8c54a23914b15d2fc7fff56461511dc8937ba0
  languageName: node
  linkType: hard

"lodash.once@npm:^4.0.0":
  version: 4.1.1
  resolution: "lodash.once@npm:4.1.1"
  checksum: d768fa9f9b4e1dc6453be99b753906f58990e0c45e7b2ca5a3b40a33111e5d17f6edf2f768786e2716af90a8e78f8f91431ab8435f761fef00f9b0c256f6d245
  languageName: node
  linkType: hard

"lru-cache@npm:^6.0.0":
  version: 6.0.0
  resolution: "lru-cache@npm:6.0.0"
  dependencies:
    yallist: ^4.0.0
  checksum: f97f499f898f23e4585742138a22f22526254fdba6d75d41a1c2526b3b6cc5747ef59c5612ba7375f42aca4f8461950e925ba08c991ead0651b4918b7c978297
  languageName: node
  linkType: hard

"make-error@npm:^1.1.1":
  version: 1.3.6
  resolution: "make-error@npm:1.3.6"
  checksum: b86e5e0e25f7f777b77fabd8e2cbf15737972869d852a22b7e73c17623928fccb826d8e46b9951501d3f20e51ad74ba8c59ed584f610526a48f8ccf88aaec402
  languageName: node
  linkType: hard

"ms@npm:^2.1.1":
  version: 2.1.3
  resolution: "ms@npm:2.1.3"
  checksum: aa92de608021b242401676e35cfa5aa42dd70cbdc082b916da7fb925c542173e36bce97ea3e804923fe92c0ad991434e4a38327e15a1b5b5f945d66df615ae6d
  languageName: node
  linkType: hard

"node-fetch@npm:^2.6.7":
  version: 2.6.7
  resolution: "node-fetch@npm:2.6.7"
  dependencies:
    whatwg-url: ^5.0.0
  peerDependencies:
    encoding: ^0.1.0
  peerDependenciesMeta:
    encoding:
      optional: true
  checksum: 8d816ffd1ee22cab8301c7756ef04f3437f18dace86a1dae22cf81db8ef29c0bf6655f3215cb0cdb22b420b6fe141e64b26905e7f33f9377a7fa59135ea3e10b
  languageName: node
  linkType: hard

"octokit@npm:^2.0.7":
  version: 2.0.7
  resolution: "octokit@npm:2.0.7"
  dependencies:
    "@octokit/app": ^13.0.5
    "@octokit/core": ^4.0.4
    "@octokit/oauth-app": ^4.0.6
    "@octokit/plugin-paginate-rest": ^4.0.0
    "@octokit/plugin-rest-endpoint-methods": ^6.0.0
    "@octokit/plugin-retry": ^3.0.9
    "@octokit/plugin-throttling": ^4.0.1
    "@octokit/types": ^7.0.0
  checksum: 26eeba2b3d0614db4147980f6a9acb2a595f3ea6d78e9db5ef485b2c1b4606724e8a0b4c342a9f264903242ada5c329ee82eccb3fd8df822dff1944aa5bf20db
  languageName: node
  linkType: hard

"once@npm:^1.4.0":
  version: 1.4.0
  resolution: "once@npm:1.4.0"
  dependencies:
    wrappy: 1
  checksum: cd0a88501333edd640d95f0d2700fbde6bff20b3d4d9bdc521bdd31af0656b5706570d6c6afe532045a20bb8dc0849f8332d6f2a416e0ba6d3d3b98806c7db68
  languageName: node
  linkType: hard

"prettier@npm:^2.7.1":
  version: 2.7.1
  resolution: "prettier@npm:2.7.1"
  bin:
    prettier: bin-prettier.js
  checksum: 55a4409182260866ab31284d929b3cb961e5fdb91fe0d2e099dac92eaecec890f36e524b4c19e6ceae839c99c6d7195817579cdffc8e2c80da0cb794463a748b
  languageName: node
  linkType: hard

"punycode@npm:1.3.2":
  version: 1.3.2
  resolution: "punycode@npm:1.3.2"
  checksum: b8807fd594b1db33335692d1f03e8beeddde6fda7fbb4a2e32925d88d20a3aa4cd8dcc0c109ccaccbd2ba761c208dfaaada83007087ea8bfb0129c9ef1b99ed6
  languageName: node
  linkType: hard

"querystring@npm:0.2.0":
  version: 0.2.0
  resolution: "querystring@npm:0.2.0"
  checksum: 8258d6734f19be27e93f601758858c299bdebe71147909e367101ba459b95446fbe5b975bf9beb76390156a592b6f4ac3a68b6087cea165c259705b8b4e56a69
  languageName: node
  linkType: hard

"safe-buffer@npm:^5.0.1":
  version: 5.2.1
  resolution: "safe-buffer@npm:5.2.1"
  checksum: b99c4b41fdd67a6aaf280fcd05e9ffb0813654894223afb78a31f14a19ad220bba8aba1cb14eddce1fcfb037155fe6de4e861784eb434f7d11ed58d1e70dd491
  languageName: node
  linkType: hard

"sax@npm:1.2.1":
  version: 1.2.1
  resolution: "sax@npm:1.2.1"
  checksum: 8dca7d5e1cd7d612f98ac50bdf0b9f63fbc964b85f0c4e2eb271f8b9b47fd3bf344c4d6a592e69ecf726d1485ca62cd8a52e603bbc332d18a66af25a9a1045ad
  languageName: node
  linkType: hard

"sax@npm:>=0.6.0":
  version: 1.2.4
  resolution: "sax@npm:1.2.4"
  checksum: d3df7d32b897a2c2f28e941f732c71ba90e27c24f62ee918bd4d9a8cfb3553f2f81e5493c7f0be94a11c1911b643a9108f231dd6f60df3fa9586b5d2e3e9e1fe
  languageName: node
  linkType: hard

"semver@npm:^5.6.0":
  version: 5.7.1
  resolution: "semver@npm:5.7.1"
  bin:
    semver: ./bin/semver
  checksum: 57fd0acfd0bac382ee87cd52cd0aaa5af086a7dc8d60379dfe65fea491fb2489b6016400813930ecd61fd0952dae75c115287a1b16c234b1550887117744dfaf
  languageName: node
  linkType: hard

"sprintf-js@npm:~1.0.2":
  version: 1.0.3
  resolution: "sprintf-js@npm:1.0.3"
  checksum: 19d79aec211f09b99ec3099b5b2ae2f6e9cdefe50bc91ac4c69144b6d3928a640bb6ae5b3def70c2e85a2c3d9f5ec2719921e3a59d3ca3ef4b2fd1a4656a0df3
  languageName: node
  linkType: hard

"tr46@npm:~0.0.3":
  version: 0.0.3
  resolution: "tr46@npm:0.0.3"
  checksum: 726321c5eaf41b5002e17ffbd1fb7245999a073e8979085dacd47c4b4e8068ff5777142fc6726d6ca1fd2ff16921b48788b87225cbc57c72636f6efa8efbffe3
  languageName: node
  linkType: hard

"ts-node@npm:^10.9.1":
  version: 10.9.1
  resolution: "ts-node@npm:10.9.1"
  dependencies:
    "@cspotcode/source-map-support": ^0.8.0
    "@tsconfig/node10": ^1.0.7
    "@tsconfig/node12": ^1.0.7
    "@tsconfig/node14": ^1.0.0
    "@tsconfig/node16": ^1.0.2
    acorn: ^8.4.1
    acorn-walk: ^8.1.1
    arg: ^4.1.0
    create-require: ^1.1.0
    diff: ^4.0.1
    make-error: ^1.1.1
    v8-compile-cache-lib: ^3.0.1
    yn: 3.1.1
  peerDependencies:
    "@swc/core": ">=1.2.50"
    "@swc/wasm": ">=1.2.50"
    "@types/node": "*"
    typescript: ">=2.7"
  peerDependenciesMeta:
    "@swc/core":
      optional: true
    "@swc/wasm":
      optional: true
  bin:
    ts-node: dist/bin.js
    ts-node-cwd: dist/bin-cwd.js
    ts-node-esm: dist/bin-esm.js
    ts-node-script: dist/bin-script.js
    ts-node-transpile-only: dist/bin-transpile.js
    ts-script: dist/bin-script-deprecated.js
  checksum: 090adff1302ab20bd3486e6b4799e90f97726ed39e02b39e566f8ab674fd5bd5f727f43615debbfc580d33c6d9d1c6b1b3ce7d8e3cca3e20530a145ffa232c35
  languageName: node
  linkType: hard

"typescript@npm:^4.7.4":
  version: 4.7.4
  resolution: "typescript@npm:4.7.4"
  bin:
    tsc: bin/tsc
    tsserver: bin/tsserver
  checksum: 5750181b1cd7e6482c4195825547e70f944114fb47e58e4aa7553e62f11b3f3173766aef9c281783edfd881f7b8299cf35e3ca8caebe73d8464528c907a164df
  languageName: node
  linkType: hard

"typescript@patch:typescript@^4.7.4#~builtin<compat/typescript>":
  version: 4.7.4
  resolution: "typescript@patch:typescript@npm%3A4.7.4#~builtin<compat/typescript>::version=4.7.4&hash=7ad353"
  bin:
    tsc: bin/tsc
    tsserver: bin/tsserver
  checksum: 9096d8f6c16cb80ef3bf96fcbbd055bf1c4a43bd14f3b7be45a9fbe7ada46ec977f604d5feed3263b4f2aa7d4c7477ce5f9cd87de0d6feedec69a983f3a4f93e
  languageName: node
  linkType: hard

"universal-github-app-jwt@npm:^1.0.1":
  version: 1.1.0
  resolution: "universal-github-app-jwt@npm:1.1.0"
  dependencies:
    "@types/jsonwebtoken": ^8.3.3
    jsonwebtoken: ^8.5.1
  checksum: b6ebbe2533881639701e936ca54c9ec02aae1e9b36bf2495ed66632d5057e06a7d4a118ac38a3d96f63993e19a47ee6e282858e1f4a9c2ceede19a856ca08fcc
  languageName: node
  linkType: hard

"universal-user-agent@npm:^6.0.0":
  version: 6.0.0
  resolution: "universal-user-agent@npm:6.0.0"
  checksum: 5092bbc80dd0d583cef0b62c17df0043193b74f425112ea6c1f69bc5eda21eeec7a08d8c4f793a277eb2202ffe9b44bec852fa3faff971234cd209874d1b79ef
  languageName: node
  linkType: hard

"url@npm:0.10.3":
  version: 0.10.3
  resolution: "url@npm:0.10.3"
  dependencies:
    punycode: 1.3.2
    querystring: 0.2.0
  checksum: 7b83ddb106c27bf9bde8629ccbe8d26e9db789c8cda5aa7db72ca2c6f9b8a88a5adf206f3e10db78e6e2d042b327c45db34c7010c1bf0d9908936a17a2b57d05
  languageName: node
  linkType: hard

"uuid@npm:8.0.0":
  version: 8.0.0
  resolution: "uuid@npm:8.0.0"
  bin:
    uuid: dist/bin/uuid
  checksum: 56d4e23aa7ac26fa2db6bd1778db34cb8c9f5a10df1770a27167874bf6705fc8f14a4ac414af58a0d96c7653b2bd4848510b29d1c2ef8c91ccb17429c1872b5e
  languageName: node
  linkType: hard

"v8-compile-cache-lib@npm:^3.0.1":
  version: 3.0.1
  resolution: "v8-compile-cache-lib@npm:3.0.1"
  checksum: 78089ad549e21bcdbfca10c08850022b22024cdcc2da9b168bcf5a73a6ed7bf01a9cebb9eac28e03cd23a684d81e0502797e88f3ccd27a32aeab1cfc44c39da0
  languageName: node
  linkType: hard

"watchpack@npm:^2.0.0-beta.10":
  version: 2.4.0
  resolution: "watchpack@npm:2.4.0"
  dependencies:
    glob-to-regexp: ^0.4.1
    graceful-fs: ^4.1.2
  checksum: 23d4bc58634dbe13b86093e01c6a68d8096028b664ab7139d58f0c37d962d549a940e98f2f201cecdabd6f9c340338dc73ef8bf094a2249ef582f35183d1a131
  languageName: node
  linkType: hard

"webidl-conversions@npm:^3.0.0":
  version: 3.0.1
  resolution: "webidl-conversions@npm:3.0.1"
  checksum: c92a0a6ab95314bde9c32e1d0a6dfac83b578f8fa5f21e675bc2706ed6981bc26b7eb7e6a1fab158e5ce4adf9caa4a0aee49a52505d4d13c7be545f15021b17c
  languageName: node
  linkType: hard

"whatwg-url@npm:^5.0.0":
  version: 5.0.0
  resolution: "whatwg-url@npm:5.0.0"
  dependencies:
    tr46: ~0.0.3
    webidl-conversions: ^3.0.0
  checksum: b8daed4ad3356cc4899048a15b2c143a9aed0dfae1f611ebd55073310c7b910f522ad75d727346ad64203d7e6c79ef25eafd465f4d12775ca44b90fa82ed9e2c
  languageName: node
  linkType: hard

"wrappy@npm:1":
  version: 1.0.2
  resolution: "wrappy@npm:1.0.2"
  checksum: 159da4805f7e84a3d003d8841557196034155008f817172d4e986bd591f74aa82aa7db55929a54222309e01079a65a92a9e6414da5a6aa4b01ee44a511ac3ee5
  languageName: node
  linkType: hard

"xml2js@npm:0.4.19":
  version: 0.4.19
  resolution: "xml2js@npm:0.4.19"
  dependencies:
    sax: ">=0.6.0"
    xmlbuilder: ~9.0.1
  checksum: ca8b2fee430d450a18947786bfd7cd1a353ee00fc6fd550acbc8a8e65f1b4df5e9786fcb2990c1a5514ecd554d445fb74e1d716b3a4fcfffc10554aeb5db482b
  languageName: node
  linkType: hard

"xmlbuilder@npm:~9.0.1":
  version: 9.0.7
  resolution: "xmlbuilder@npm:9.0.7"
  checksum: 8193bb323806a002764f013bea0c6e9ff2dc26fd29109408761b16b59a8ad2214c2abe8e691755fd8b525586e3a0e1efeb92335947d7b0899032b779f1705a53
  languageName: node
  linkType: hard

"yallist@npm:^4.0.0":
  version: 4.0.0
  resolution: "yallist@npm:4.0.0"
  checksum: 343617202af32df2a15a3be36a5a8c0c8545208f3d3dfbc6bb7c3e3b7e8c6f8e7485432e4f3b88da3031a6e20afa7c711eded32ddfb122896ac5d914e75848d5
  languageName: node
  linkType: hard

"yn@npm:3.1.1":
  version: 3.1.1
  resolution: "yn@npm:3.1.1"
  checksum: 2c487b0e149e746ef48cda9f8bad10fc83693cd69d7f9dcd8be4214e985de33a29c9e24f3c0d6bcf2288427040a8947406ab27f7af67ee9456e6b84854f02dd6
  languageName: node
  linkType: hard
